// !$*UTF8*$!
{
	archiveVersion = 1;
	classes = {
	};
	objectVersion = 50;
	objects = {

/* Begin PBXBuildFile section */
		151D0A442AB70E9B00FAC9FD /* AppDelegate.swift in Sources */ = {isa = PBXBuildFile; fileRef = 151D0A432AB70E9B00FAC9FD /* AppDelegate.swift */; };
		151D0A462AB70E9B00FAC9FD /* SceneDelegate.swift in Sources */ = {isa = PBXBuildFile; fileRef = 151D0A452AB70E9B00FAC9FD /* SceneDelegate.swift */; };
		151D0A482AB70E9B00FAC9FD /* ViewController.swift in Sources */ = {isa = PBXBuildFile; fileRef = 151D0A472AB70E9B00FAC9FD /* ViewController.swift */; };
		151D0A4B2AB70E9B00FAC9FD /* Main.storyboard in Resources */ = {isa = PBXBuildFile; fileRef = 151D0A492AB70E9B00FAC9FD /* Main.storyboard */; };
		151D0A4D2AB70EA000FAC9FD /* Assets.xcassets in Resources */ = {isa = PBXBuildFile; fileRef = 151D0A4C2AB70EA000FAC9FD /* Assets.xcassets */; };
		151D0A502AB70EA000FAC9FD /* LaunchScreen.storyboard in Resources */ = {isa = PBXBuildFile; fileRef = 151D0A4E2AB70EA000FAC9FD /* LaunchScreen.storyboard */; };
		151D0A5A2AB70FEF00FAC9FD /* myplist.plist in Resources */ = {isa = PBXBuildFile; fileRef = 151D0A592AB70FEF00FAC9FD /* myplist.plist */; };
		151D0A5C2AB7159100FAC9FD /* homeViewController.swift in Sources */ = {isa = PBXBuildFile; fileRef = 151D0A5B2AB7159100FAC9FD /* homeViewController.swift */; };
/* End PBXBuildFile section */

/* Begin PBXFileReference section */
		151D0A402AB70E9B00FAC9FD /* pro-16.app */ = {isa = PBXFileReference; explicitFileType = wrapper.application; includeInIndex = 0; path = "pro-16.app"; sourceTree = BUILT_PRODUCTS_DIR; };
		151D0A432AB70E9B00FAC9FD /* AppDelegate.swift */ = {isa = PBXFileReference; lastKnownFileType = sourcecode.swift; path = AppDelegate.swift; sourceTree = "<group>"; };
		151D0A452AB70E9B00FAC9FD /* SceneDelegate.swift */ = {isa = PBXFileReference; lastKnownFileType = sourcecode.swift; path = SceneDelegate.swift; sourceTree = "<group>"; };
		151D0A472AB70E9B00FAC9FD /* ViewController.swift */ = {isa = PBXFileReference; lastKnownFileType = sourcecode.swift; path = ViewController.swift; sourceTree = "<group>"; };
		151D0A4A2AB70E9B00FAC9FD /* Base */ = {isa = PBXFileReference; lastKnownFileType = file.storyboard; name = Base; path = Base.lproj/Main.storyboard; sourceTree = "<group>"; };
		151D0A4C2AB70EA000FAC9FD /* Assets.xcassets */ = {isa = PBXFileReference; lastKnownFileType = folder.assetcatalog; path = Assets.xcassets; sourceTree = "<group>"; };
		151D0A4F2AB70EA000FAC9FD /* Base */ = {isa = PBXFileReference; lastKnownFileType = file.storyboard; name = Base; path = Base.lproj/LaunchScreen.storyboard; sourceTree = "<group>"; };
		151D0A512AB70EA000FAC9FD /* Info.plist */ = {isa = PBXFileReference; lastKnownFileType = text.plist.xml; path = Info.plist; sourceTree = "<group>"; };
		151D0A592AB70FEF00FAC9FD /* myplist.plist */ = {isa = PBXFileReference; fileEncoding = 4; lastKnownFileType = text.plist.xml; path = myplist.plist; sourceTree = "<group>"; };
		151D0A5B2AB7159100FAC9FD /* homeViewController.swift */ = {isa = PBXFileReference; lastKnownFileType = sourcecode.swift; path = homeViewController.swift; sourceTree = "<group>"; };
/* End PBXFileReference section */

/* Begin PBXFrameworksBuildPhase section */
		151D0A3D2AB70E9B00FAC9FD /* Frameworks */ = {
			isa = PBXFrameworksBuildPhase;
			buildActionMask = 2147483647;
			files = (
			);
			runOnlyForDeploymentPostprocessing = 0;
		};
/* End PBXFrameworksBuildPhase section */

/* Begin PBXGroup section */
		151D0A372AB70E9B00FAC9FD = {
			isa = PBXGroup;
			children = (
				151D0A422AB70E9B00FAC9FD /* pro-16 */,
				151D0A412AB70E9B00FAC9FD /* Products */,
			);
			sourceTree = "<group>";
		};
		151D0A412AB70E9B00FAC9FD /* Products */ = {
			isa = PBXGroup;
			children = (
				151D0A402AB70E9B00FAC9FD /* pro-16.app */,
			);
			name = Products;
			sourceTree = "<group>";
		};
		151D0A422AB70E9B00FAC9FD /* pro-16 */ = {
			isa = PBXGroup;
			children = (
				151D0A432AB70E9B00FAC9FD /* AppDelegate.swift */,
				151D0A452AB70E9B00FAC9FD /* SceneDelegate.swift */,
				151D0A472AB70E9B00FAC9FD /* ViewController.swift */,
				151D0A5B2AB7159100FAC9FD /* homeViewController.swift */,
				151D0A492AB70E9B00FAC9FD /* Main.storyboard */,
				151D0A4C2AB70EA000FAC9FD /* Assets.xcassets */,
				151D0A4E2AB70EA000FAC9FD /* LaunchScreen.storyboard */,
				151D0A512AB70EA000FAC9FD /* Info.plist */,
				151D0A592AB70FEF00FAC9FD /* myplist.plist */,
			);
			path = "pro-16";
			sourceTree = "<group>";
		};
/* End PBXGroup section */

/* Begin PBXNativeTarget section */
		151D0A3F2AB70E9B00FAC9FD /* pro-16 */ = {
			isa = PBXNativeTarget;
			buildConfigurationList = 151D0A542AB70EA000FAC9FD /* Build configuration list for PBXNativeTarget "pro-16" */;
			buildPhases = (
				151D0A3C2AB70E9B00FAC9FD /* Sources */,
				151D0A3D2AB70E9B00FAC9FD /* Frameworks */,
				151D0A3E2AB70E9B00FAC9FD /* Resources */,
			);
			buildRules = (
			);
			dependencies = (
			);
			name = "pro-16";
			productName = "pro-16";
			productReference = 151D0A402AB70E9B00FAC9FD /* pro-16.app */;
			productType = "com.apple.product-type.application";
		};
/* End PBXNativeTarget section */

/* Begin PBXProject section */
		151D0A382AB70E9B00FAC9FD /* Project object */ = {
			isa = PBXProject;
			attributes = {
				LastSwiftUpdateCheck = 1140;
				LastUpgradeCheck = 1140;
				ORGANIZATIONNAME = meet;
				TargetAttributes = {
					151D0A3F2AB70E9B00FAC9FD = {
						CreatedOnToolsVersion = 11.4;
					};
				};
			};
			buildConfigurationList = 151D0A3B2AB70E9B00FAC9FD /* Build configuration list for PBXProject "pro-16" */;
			compatibilityVersion = "Xcode 9.3";
			developmentRegion = en;
			hasScannedForEncodings = 0;
			knownRegions = (
				en,
				Base,
			);
			mainGroup = 151D0A372AB70E9B00FAC9FD;
			productRefGroup = 151D0A412AB70E9B00FAC9FD /* Products */;
			projectDirPath = "";
			projectRoot = "";
			targets = (
				151D0A3F2AB70E9B00FAC9FD /* pro-16 */,
			);
		};
/* End PBXProject section */

/* Begin PBXResourcesBuildPhase section */
		151D0A3E2AB70E9B00FAC9FD /* Resources */ = {
			isa = PBXResourcesBuildPhase;
			buildActionMask = 2147483647;
			files = (
				151D0A502AB70EA000FAC9FD /* LaunchScreen.storyboard in Resources */,
				151D0A5A2AB70FEF00FAC9FD /* myplist.plist in Resources */,
				151D0A4D2AB70EA000FAC9FD /* Assets.xcassets in Resources */,
				151D0A4B2AB70E9B00FAC9FD /* Main.storyboard in Resources */,
			);
			runOnlyForDeploymentPostprocessing = 0;
		};
/* End PBXResourcesBuildPhase section */

/* Begin PBXSourcesBuildPhase section */
		151D0A3C2AB70E9B00FAC9FD /* Sources */ = {
			isa = PBXSourcesBuildPhase;
			buildActionMask = 2147483647;
			files = (
				151D0A482AB70E9B00FAC9FD /* ViewController.swift in Sources */,
				151D0A442AB70E9B00FAC9FD /* AppDelegate.swift in Sources */,
				151D0A462AB70E9B00FAC9FD /* SceneDelegate.swift in Sources */,
				151D0A5C2AB7159100FAC9FD /* homeViewController.swift in Sources */,
			);
			runOnlyForDeploymentPostprocessing = 0;
		};
/* End PBXSourcesBuildPhase section */

/* Begin PBXVariantGroup section */
		151D0A492AB70E9B00FAC9FD /* Main.storyboard */ = {
			isa = PBXVariantGroup;
			children = (
				151D0A4A2AB70E9B00FAC9FD /* Base */,
			);
			name = Main.storyboard;
			sourceTree = "<group>";
		};
		151D0A4E2AB70EA000FAC9FD /* LaunchScreen.storyboard */ = {
			isa = PBXVariantGroup;
			children = (
				151D0A4F2AB70EA000FAC9FD /* Base */,
			);
			name = LaunchScreen.storyboard;
			sourceTree = "<group>";
		};
/* End PBXVariantGroup section */

/* Begin XCBuildConfiguration section */
		151D0A522AB70EA000FAC9FD /* Debug */ = {
			isa = XCBuildConfiguration;
			buildSettings = {
				ALWAYS_SEARCH_USER_PATHS = NO;
				CLANG_ANALYZER_NONNULL = YES;
				CLANG_ANALYZER_NUMBER_OBJECT_CONVERSION = YES_AGGRESSIVE;
				CLANG_CXX_LANGUAGE_STANDARD = "gnu++14";
				CLANG_CXX_LIBRARY = "libc++";
				CLANG_ENABLE_MODULES = YES;
				CLANG_ENABLE_OBJC_ARC = YES;
				CLANG_ENABLE_OBJC_WEAK = YES;
				CLANG_WARN_BLOCK_CAPTURE_AUTORELEASING = YES;
				CLANG_WARN_BOOL_CONVERSION = YES;
				CLANG_WARN_COMMA = YES;
				CLANG_WARN_CONSTANT_CONVERSION = YES;
				CLANG_WARN_DEPRECATED_OBJC_IMPLEMENTATIONS = YES;
				CLANG_WARN_DIRECT_OBJC_ISA_USAGE = YES_ERROR;
				CLANG_WARN_DOCUMENTATION_COMMENTS = YES;
				CLANG_WARN_EMPTY_BODY = YES;
				CLANG_WARN_ENUM_CONVERSION = YES;
				CLANG_WARN_INFINITE_RECURSION = YES;
				CLANG_WARN_INT_CONVERSION = YES;
				CLANG_WARN_NON_LITERAL_NULL_CONVERSION = YES;
				CLANG_WARN_OBJC_IMPLICIT_RETAIN_SELF = YES;
				CLANG_WARN_OBJC_LITERAL_CONVERSION = YES;
				CLANG_WARN_OBJC_ROOT_CLASS = YES_ERROR;
				CLANG_WARN_RANGE_LOOP_ANALYSIS = YES;
				CLANG_WARN_STRICT_PROTOTYPES = YES;
				CLANG_WARN_SUSPICIOUS_MOVE = YES;
				CLANG_WARN_UNGUARDED_AVAILABILITY = YES_AGGRESSIVE;
				CLANG_WARN_UNREACHABLE_CODE = YES;
				CLANG_WARN__DUPLICATE_METHOD_MATCH = YES;
				COPY_PHASE_STRIP = NO;
				DEBUG_INFORMATION_FORMAT = dwarf;
				ENABLE_STRICT_OBJC_MSGSEND = YES;
				ENABLE_TESTABILITY = YES;
				GCC_C_LANGUAGE_STANDARD = gnu11;
				GCC_DYNAMIC_NO_PIC = NO;
				GCC_NO_COMMON_BLOCKS = YES;
				GCC_OPTIMIZATION_LEVEL = 0;
				GCC_PREPROCESSOR_DEFINITIONS = (
					"DEBUG=1",
					"$(inherited)",
				);
				GCC_WARN_64_TO_32_BIT_CONVERSION = YES;
				GCC_WARN_ABOUT_RETURN_TYPE = YES_ERROR;
				GCC_WARN_UNDECLARED_SELECTOR = YES;
				GCC_WARN_UNINITIALIZED_AUTOS = YES_AGGRESSIVE;
				GCC_WARN_UNUSED_FUNCTION = YES;
				GCC_WARN_UNUSED_VARIABLE = YES;
				IPHONEOS_DEPLOYMENT_TARGET = 13.4;
				MTL_ENABLE_DEBUG_INFO = INCLUDE_SOURCE;
				MTL_FAST_MATH = YES;
				ONLY_ACTIVE_ARCH = YES;
				SDKROOT = iphoneos;
				SWIFT_ACTIVE_COMPILATION_CONDITIONS = DEBUG;
				SWIFT_OPTIMIZATION_LEVEL = "-Onone";
			};
			name = Debug;
		};
		151D0A532AB70EA000FAC9FD /* Release */ = {
			isa = XCBuildConfiguration;
			buildSettings = {
				ALWAYS_SEARCH_USER_PATHS = NO;
				CLANG_ANALYZER_NONNULL = YES;
				CLANG_ANALYZER_NUMBER_OBJECT_CONVERSION = YES_AGGRESSIVE;
				CLANG_CXX_LANGUAGE_STANDARD = "gnu++14";
				CLANG_CXX_LIBRARY = "libc++";
				CLANG_ENABLE_MODULES = YES;
				CLANG_ENABLE_OBJC_ARC = YES;
				CLANG_ENABLE_OBJC_WEAK = YES;
				CLANG_WARN_BLOCK_CAPTURE_AUTORELEASING = YES;
				CLANG_WARN_BOOL_CONVERSION = YES;
				CLANG_WARN_COMMA = YES;
				CLANG_WARN_CONSTANT_CONVERSION = YES;
				CLANG_WARN_DEPRECATED_OBJC_IMPLEMENTATIONS = YES;
				CLANG_WARN_DIRECT_OBJC_ISA_USAGE = YES_ERROR;
				CLANG_WARN_DOCUMENTATION_COMMENTS = YES;
				CLANG_WARN_EMPTY_BODY = YES;
				CLANG_WARN_ENUM_CONVERSION = YES;
				CLANG_WARN_INFINITE_RECURSION = YES;
				CLANG_WARN_INT_CONVERSION = YES;
				CLANG_WARN_NON_LITERAL_NULL_CONVERSION = YES;
				CLANG_WARN_OBJC_IMPLICIT_RETAIN_SELF = YES;
				CLANG_WARN_OBJC_LITERAL_CONVERSION = YES;
				CLANG_WARN_OBJC_ROOT_CLASS = YES_ERROR;
				CLANG_WARN_RANGE_LOOP_ANALYSIS = YES;
				CLANG_WARN_STRICT_PROTOTYPES = YES;
				CLANG_WARN_SUSPICIOUS_MOVE = YES;
				CLANG_WARN_UNGUARDED_AVAILABILITY = YES_AGGRESSIVE;
				CLANG_WARN_UNREACHABLE_CODE = YES;
				CLANG_WARN__DUPLICATE_METHOD_MATCH = YES;
				COPY_PHASE_STRIP = NO;
				DEBUG_INFORMATION_FORMAT = "dwarf-with-dsym";
				ENABLE_NS_ASSERTIONS = NO;
				ENABLE_STRICT_OBJC_MSGSEND = YES;
				GCC_C_LANGUAGE_STANDARD = gnu11;
				GCC_NO_COMMON_BLOCKS = YES;
				GCC_WARN_64_TO_32_BIT_CONVERSION = YES;
				GCC_WARN_ABOUT_RETURN_TYPE = YES_ERROR;
				GCC_WARN_UNDECLARED_SELECTOR = YES;
				GCC_WARN_UNINITIALIZED_AUTOS = YES_AGGRESSIVE;
				GCC_WARN_UNUSED_FUNCTION = YES;
				GCC_WARN_UNUSED_VARIABLE = YES;
				IPHONEOS_DEPLOYMENT_TARGET = 13.4;
				MTL_ENABLE_DEBUG_INFO = NO;
				MTL_FAST_MATH = YES;
				SDKROOT = iphoneos;
				SWIFT_COMPILATION_MODE = wholemodule;
				SWIFT_OPTIMIZATION_LEVEL = "-O";
				VALIDATE_PRODUCT = YES;
			};
			name = Release;
		};
		151D0A552AB70EA000FAC9FD /* Debug */ = {
			isa = XCBuildConfiguration;
			buildSettings = {
				ASSETCATALOG_COMPILER_APPICON_NAME = AppIcon;
				CODE_SIGN_STYLE = Automatic;
				INFOPLIST_FILE = "pro-16/Info.plist";
				LD_RUNPATH_SEARCH_PATHS = (
					"$(inherited)",
					"@executable_path/Frameworks",
				);
				PRODUCT_BUNDLE_IDENTIFIER = "page.pro-16";
				PRODUCT_NAME = "$(TARGET_NAME)";
				SWIFT_VERSION = 5.0;
				TARGETED_DEVICE_FAMILY = "1,2";
			};
			name = Debug;
		};
		151D0A562AB70EA000FAC9FD /* Release */ = {
			isa = XCBuildConfiguration;
			buildSettings = {
				ASSETCATALOG_COMPILER_APPICON_NAME = AppIcon;
				CODE_SIGN_STYLE = Automatic;
				INFOPLIST_FILE = "pro-16/Info.plist";
				LD_RUNPATH_SEARCH_PATHS = (
					"$(inherited)",
					"@executable_path/Frameworks",
				);
				PRODUCT_BUNDLE_IDENTIFIER = "page.pro-16";
				PRODUCT_NAME = "$(TARGET_NAME)";
				SWIFT_VERSION = 5.0;
				TARGETED_DEVICE_FAMILY = "1,2";
			};
			name = Release;
		};
/* End XCBuildConfiguration section */

/* Begin XCConfigurationList section */
		151D0A3B2AB70E9B00FAC9FD /* Build configuration list for PBXProject "pro-16" */ = {
			isa = XCConfigurationList;
			buildConfigurations = (
				151D0A522AB70EA000FAC9FD /* Debug */,
				151D0A532AB70EA000FAC9FD /* Release */,
			);
			defaultConfigurationIsVisible = 0;
			defaultConfigurationName = Release;
		};
		151D0A542AB70EA000FAC9FD /* Build configuration list for PBXNativeTarget "pro-16" */ = {
			isa = XCConfigurationList;
			buildConfigurations = (
				151D0A552AB70EA000FAC9FD /* Debug */,
				151D0A562AB70EA000FAC9FD /* Release */,
			);
			defaultConfigurationIsVisible = 0;
			defaultConfigurationName = Release;
		};
/* End XCConfigurationList section */
	};
	rootObject = 151D0A382AB70E9B00FAC9FD /* Project object */;
}
