// !$*UTF8*$!
{
	archiveVersion = 1;
	classes = {
	};
	objectVersion = 50;
	objects = {

/* Begin PBXBuildFile section */
		1532534D2A976B4B0039CF28 /* secoundViewController.swift in Sources */ = {isa = PBXBuildFile; fileRef = 1532534C2A976B4B0039CF28 /* secoundViewController.swift */; };
		1532534F2A976BA60039CF28 /* thirdViewController.swift in Sources */ = {isa = PBXBuildFile; fileRef = 1532534E2A976BA60039CF28 /* thirdViewController.swift */; };
		153253532A976C340039CF28 /* fifthViewController.swift in Sources */ = {isa = PBXBuildFile; fileRef = 153253522A976C340039CF28 /* fifthViewController.swift */; };
		153253552A9772200039CF28 /* fourthViewController.swift in Sources */ = {isa = PBXBuildFile; fileRef = 153253542A9772200039CF28 /* fourthViewController.swift */; };
		157C26A32A94E9420061F46C /* AppDelegate.swift in Sources */ = {isa = PBXBuildFile; fileRef = 157C26A22A94E9420061F46C /* AppDelegate.swift */; };
		157C26A52A94E9420061F46C /* SceneDelegate.swift in Sources */ = {isa = PBXBuildFile; fileRef = 157C26A42A94E9420061F46C /* SceneDelegate.swift */; };
		157C26A72A94E9420061F46C /* ViewController.swift in Sources */ = {isa = PBXBuildFile; fileRef = 157C26A62A94E9420061F46C /* ViewController.swift */; };
		157C26AA2A94E9420061F46C /* Main.storyboard in Resources */ = {isa = PBXBuildFile; fileRef = 157C26A82A94E9420061F46C /* Main.storyboard */; };
		157C26AC2A94E9470061F46C /* Assets.xcassets in Resources */ = {isa = PBXBuildFile; fileRef = 157C26AB2A94E9470061F46C /* Assets.xcassets */; };
		157C26AF2A94E9470061F46C /* LaunchScreen.storyboard in Resources */ = {isa = PBXBuildFile; fileRef = 157C26AD2A94E9470061F46C /* LaunchScreen.storyboard */; };
/* End PBXBuildFile section */

/* Begin PBXFileReference section */
		1532534C2A976B4B0039CF28 /* secoundViewController.swift */ = {isa = PBXFileReference; lastKnownFileType = sourcecode.swift; path = secoundViewController.swift; sourceTree = "<group>"; };
		1532534E2A976BA60039CF28 /* thirdViewController.swift */ = {isa = PBXFileReference; lastKnownFileType = sourcecode.swift; path = thirdViewController.swift; sourceTree = "<group>"; };
		153253522A976C340039CF28 /* fifthViewController.swift */ = {isa = PBXFileReference; lastKnownFileType = sourcecode.swift; path = fifthViewController.swift; sourceTree = "<group>"; };
		153253542A9772200039CF28 /* fourthViewController.swift */ = {isa = PBXFileReference; lastKnownFileType = sourcecode.swift; path = fourthViewController.swift; sourceTree = "<group>"; };
		157C269F2A94E9420061F46C /* pro-15.app */ = {isa = PBXFileReference; explicitFileType = wrapper.application; includeInIndex = 0; path = "pro-15.app"; sourceTree = BUILT_PRODUCTS_DIR; };
		157C26A22A94E9420061F46C /* AppDelegate.swift */ = {isa = PBXFileReference; lastKnownFileType = sourcecode.swift; path = AppDelegate.swift; sourceTree = "<group>"; };
		157C26A42A94E9420061F46C /* SceneDelegate.swift */ = {isa = PBXFileReference; lastKnownFileType = sourcecode.swift; path = SceneDelegate.swift; sourceTree = "<group>"; };
		157C26A62A94E9420061F46C /* ViewController.swift */ = {isa = PBXFileReference; lastKnownFileType = sourcecode.swift; path = ViewController.swift; sourceTree = "<group>"; };
		157C26A92A94E9420061F46C /* Base */ = {isa = PBXFileReference; lastKnownFileType = file.storyboard; name = Base; path = Base.lproj/Main.storyboard; sourceTree = "<group>"; };
		157C26AB2A94E9470061F46C /* Assets.xcassets */ = {isa = PBXFileReference; lastKnownFileType = folder.assetcatalog; path = Assets.xcassets; sourceTree = "<group>"; };
		157C26AE2A94E9470061F46C /* Base */ = {isa = PBXFileReference; lastKnownFileType = file.storyboard; name = Base; path = Base.lproj/LaunchScreen.storyboard; sourceTree = "<group>"; };
		157C26B02A94E9470061F46C /* Info.plist */ = {isa = PBXFileReference; lastKnownFileType = text.plist.xml; path = Info.plist; sourceTree = "<group>"; };
/* End PBXFileReference section */

/* Begin PBXFrameworksBuildPhase section */
		157C269C2A94E9420061F46C /* Frameworks */ = {
			isa = PBXFrameworksBuildPhase;
			buildActionMask = 2147483647;
			files = (
			);
			runOnlyForDeploymentPostprocessing = 0;
		};
/* End PBXFrameworksBuildPhase section */

/* Begin PBXGroup section */
		157C26962A94E9420061F46C = {
			isa = PBXGroup;
			children = (
				157C26A12A94E9420061F46C /* pro-15 */,
				157C26A02A94E9420061F46C /* Products */,
			);
			sourceTree = "<group>";
		};
		157C26A02A94E9420061F46C /* Products */ = {
			isa = PBXGroup;
			children = (
				157C269F2A94E9420061F46C /* pro-15.app */,
			);
			name = Products;
			sourceTree = "<group>";
		};
		157C26A12A94E9420061F46C /* pro-15 */ = {
			isa = PBXGroup;
			children = (
				157C26A22A94E9420061F46C /* AppDelegate.swift */,
				157C26A42A94E9420061F46C /* SceneDelegate.swift */,
				157C26A62A94E9420061F46C /* ViewController.swift */,
				1532534C2A976B4B0039CF28 /* secoundViewController.swift */,
				1532534E2A976BA60039CF28 /* thirdViewController.swift */,
				153253542A9772200039CF28 /* fourthViewController.swift */,
				153253522A976C340039CF28 /* fifthViewController.swift */,
				157C26A82A94E9420061F46C /* Main.storyboard */,
				157C26AB2A94E9470061F46C /* Assets.xcassets */,
				157C26AD2A94E9470061F46C /* LaunchScreen.storyboard */,
				157C26B02A94E9470061F46C /* Info.plist */,
			);
			path = "pro-15";
			sourceTree = "<group>";
		};
/* End PBXGroup section */

/* Begin PBXNativeTarget section */
		157C269E2A94E9420061F46C /* pro-15 */ = {
			isa = PBXNativeTarget;
			buildConfigurationList = 157C26B32A94E9470061F46C /* Build configuration list for PBXNativeTarget "pro-15" */;
			buildPhases = (
				157C269B2A94E9420061F46C /* Sources */,
				157C269C2A94E9420061F46C /* Frameworks */,
				157C269D2A94E9420061F46C /* Resources */,
			);
			buildRules = (
			);
			dependencies = (
			);
			name = "pro-15";
			productName = "pro-15";
			productReference = 157C269F2A94E9420061F46C /* pro-15.app */;
			productType = "com.apple.product-type.application";
		};
/* End PBXNativeTarget section */

/* Begin PBXProject section */
		157C26972A94E9420061F46C /* Project object */ = {
			isa = PBXProject;
			attributes = {
				LastSwiftUpdateCheck = 1140;
				LastUpgradeCheck = 1140;
				ORGANIZATIONNAME = meet;
				TargetAttributes = {
					157C269E2A94E9420061F46C = {
						CreatedOnToolsVersion = 11.4;
					};
				};
			};
			buildConfigurationList = 157C269A2A94E9420061F46C /* Build configuration list for PBXProject "pro-15" */;
			compatibilityVersion = "Xcode 9.3";
			developmentRegion = en;
			hasScannedForEncodings = 0;
			knownRegions = (
				en,
				Base,
			);
			mainGroup = 157C26962A94E9420061F46C;
			productRefGroup = 157C26A02A94E9420061F46C /* Products */;
			projectDirPath = "";
			projectRoot = "";
			targets = (
				157C269E2A94E9420061F46C /* pro-15 */,
			);
		};
/* End PBXProject section */

/* Begin PBXResourcesBuildPhase section */
		157C269D2A94E9420061F46C /* Resources */ = {
			isa = PBXResourcesBuildPhase;
			buildActionMask = 2147483647;
			files = (
				157C26AF2A94E9470061F46C /* LaunchScreen.storyboard in Resources */,
				157C26AC2A94E9470061F46C /* Assets.xcassets in Resources */,
				157C26AA2A94E9420061F46C /* Main.storyboard in Resources */,
			);
			runOnlyForDeploymentPostprocessing = 0;
		};
/* End PBXResourcesBuildPhase section */

/* Begin PBXSourcesBuildPhase section */
		157C269B2A94E9420061F46C /* Sources */ = {
			isa = PBXSourcesBuildPhase;
			buildActionMask = 2147483647;
			files = (
				157C26A72A94E9420061F46C /* ViewController.swift in Sources */,
				157C26A32A94E9420061F46C /* AppDelegate.swift in Sources */,
				153253552A9772200039CF28 /* fourthViewController.swift in Sources */,
				1532534F2A976BA60039CF28 /* thirdViewController.swift in Sources */,
				1532534D2A976B4B0039CF28 /* secoundViewController.swift in Sources */,
				157C26A52A94E9420061F46C /* SceneDelegate.swift in Sources */,
				153253532A976C340039CF28 /* fifthViewController.swift in Sources */,
			);
			runOnlyForDeploymentPostprocessing = 0;
		};
/* End PBXSourcesBuildPhase section */

/* Begin PBXVariantGroup section */
		157C26A82A94E9420061F46C /* Main.storyboard */ = {
			isa = PBXVariantGroup;
			children = (
				157C26A92A94E9420061F46C /* Base */,
			);
			name = Main.storyboard;
			sourceTree = "<group>";
		};
		157C26AD2A94E9470061F46C /* LaunchScreen.storyboard */ = {
			isa = PBXVariantGroup;
			children = (
				157C26AE2A94E9470061F46C /* Base */,
			);
			name = LaunchScreen.storyboard;
			sourceTree = "<group>";
		};
/* End PBXVariantGroup section */

/* Begin XCBuildConfiguration section */
		157C26B12A94E9470061F46C /* Debug */ = {
			isa = XCBuildConfiguration;
			buildSettings = {
				ALWAYS_SEARCH_USER_PATHS = NO;
				CLANG_ANALYZER_NONNULL = YES;
				CLANG_ANALYZER_NUMBER_OBJECT_CONVERSION = YES_AGGRESSIVE;
				CLANG_CXX_LANGUAGE_STANDARD = "gnu++14";
				CLANG_CXX_LIBRARY = "libc++";
				CLANG_ENABLE_MODULES = YES;
				CLANG_ENABLE_OBJC_ARC = YES;
				CLANG_ENABLE_OBJC_WEAK = YES;
				CLANG_WARN_BLOCK_CAPTURE_AUTORELEASING = YES;
				CLANG_WARN_BOOL_CONVERSION = YES;
				CLANG_WARN_COMMA = YES;
				CLANG_WARN_CONSTANT_CONVERSION = YES;
				CLANG_WARN_DEPRECATED_OBJC_IMPLEMENTATIONS = YES;
				CLANG_WARN_DIRECT_OBJC_ISA_USAGE = YES_ERROR;
				CLANG_WARN_DOCUMENTATION_COMMENTS = YES;
				CLANG_WARN_EMPTY_BODY = YES;
				CLANG_WARN_ENUM_CONVERSION = YES;
				CLANG_WARN_INFINITE_RECURSION = YES;
				CLANG_WARN_INT_CONVERSION = YES;
				CLANG_WARN_NON_LITERAL_NULL_CONVERSION = YES;
				CLANG_WARN_OBJC_IMPLICIT_RETAIN_SELF = YES;
				CLANG_WARN_OBJC_LITERAL_CONVERSION = YES;
				CLANG_WARN_OBJC_ROOT_CLASS = YES_ERROR;
				CLANG_WARN_RANGE_LOOP_ANALYSIS = YES;
				CLANG_WARN_STRICT_PROTOTYPES = YES;
				CLANG_WARN_SUSPICIOUS_MOVE = YES;
				CLANG_WARN_UNGUARDED_AVAILABILITY = YES_AGGRESSIVE;
				CLANG_WARN_UNREACHABLE_CODE = YES;
				CLANG_WARN__DUPLICATE_METHOD_MATCH = YES;
				COPY_PHASE_STRIP = NO;
				DEBUG_INFORMATION_FORMAT = dwarf;
				ENABLE_STRICT_OBJC_MSGSEND = YES;
				ENABLE_TESTABILITY = YES;
				GCC_C_LANGUAGE_STANDARD = gnu11;
				GCC_DYNAMIC_NO_PIC = NO;
				GCC_NO_COMMON_BLOCKS = YES;
				GCC_OPTIMIZATION_LEVEL = 0;
				GCC_PREPROCESSOR_DEFINITIONS = (
					"DEBUG=1",
					"$(inherited)",
				);
				GCC_WARN_64_TO_32_BIT_CONVERSION = YES;
				GCC_WARN_ABOUT_RETURN_TYPE = YES_ERROR;
				GCC_WARN_UNDECLARED_SELECTOR = YES;
				GCC_WARN_UNINITIALIZED_AUTOS = YES_AGGRESSIVE;
				GCC_WARN_UNUSED_FUNCTION = YES;
				GCC_WARN_UNUSED_VARIABLE = YES;
				IPHONEOS_DEPLOYMENT_TARGET = 13.4;
				MTL_ENABLE_DEBUG_INFO = INCLUDE_SOURCE;
				MTL_FAST_MATH = YES;
				ONLY_ACTIVE_ARCH = YES;
				SDKROOT = iphoneos;
				SWIFT_ACTIVE_COMPILATION_CONDITIONS = DEBUG;
				SWIFT_OPTIMIZATION_LEVEL = "-Onone";
			};
			name = Debug;
		};
		157C26B22A94E9470061F46C /* Release */ = {
			isa = XCBuildConfiguration;
			buildSettings = {
				ALWAYS_SEARCH_USER_PATHS = NO;
				CLANG_ANALYZER_NONNULL = YES;
				CLANG_ANALYZER_NUMBER_OBJECT_CONVERSION = YES_AGGRESSIVE;
				CLANG_CXX_LANGUAGE_STANDARD = "gnu++14";
				CLANG_CXX_LIBRARY = "libc++";
				CLANG_ENABLE_MODULES = YES;
				CLANG_ENABLE_OBJC_ARC = YES;
				CLANG_ENABLE_OBJC_WEAK = YES;
				CLANG_WARN_BLOCK_CAPTURE_AUTORELEASING = YES;
				CLANG_WARN_BOOL_CONVERSION = YES;
				CLANG_WARN_COMMA = YES;
				CLANG_WARN_CONSTANT_CONVERSION = YES;
				CLANG_WARN_DEPRECATED_OBJC_IMPLEMENTATIONS = YES;
				CLANG_WARN_DIRECT_OBJC_ISA_USAGE = YES_ERROR;
				CLANG_WARN_DOCUMENTATION_COMMENTS = YES;
				CLANG_WARN_EMPTY_BODY = YES;
				CLANG_WARN_ENUM_CONVERSION = YES;
				CLANG_WARN_INFINITE_RECURSION = YES;
				CLANG_WARN_INT_CONVERSION = YES;
				CLANG_WARN_NON_LITERAL_NULL_CONVERSION = YES;
				CLANG_WARN_OBJC_IMPLICIT_RETAIN_SELF = YES;
				CLANG_WARN_OBJC_LITERAL_CONVERSION = YES;
				CLANG_WARN_OBJC_ROOT_CLASS = YES_ERROR;
				CLANG_WARN_RANGE_LOOP_ANALYSIS = YES;
				CLANG_WARN_STRICT_PROTOTYPES = YES;
				CLANG_WARN_SUSPICIOUS_MOVE = YES;
				CLANG_WARN_UNGUARDED_AVAILABILITY = YES_AGGRESSIVE;
				CLANG_WARN_UNREACHABLE_CODE = YES;
				CLANG_WARN__DUPLICATE_METHOD_MATCH = YES;
				COPY_PHASE_STRIP = NO;
				DEBUG_INFORMATION_FORMAT = "dwarf-with-dsym";
				ENABLE_NS_ASSERTIONS = NO;
				ENABLE_STRICT_OBJC_MSGSEND = YES;
				GCC_C_LANGUAGE_STANDARD = gnu11;
				GCC_NO_COMMON_BLOCKS = YES;
				GCC_WARN_64_TO_32_BIT_CONVERSION = YES;
				GCC_WARN_ABOUT_RETURN_TYPE = YES_ERROR;
				GCC_WARN_UNDECLARED_SELECTOR = YES;
				GCC_WARN_UNINITIALIZED_AUTOS = YES_AGGRESSIVE;
				GCC_WARN_UNUSED_FUNCTION = YES;
				GCC_WARN_UNUSED_VARIABLE = YES;
				IPHONEOS_DEPLOYMENT_TARGET = 13.4;
				MTL_ENABLE_DEBUG_INFO = NO;
				MTL_FAST_MATH = YES;
				SDKROOT = iphoneos;
				SWIFT_COMPILATION_MODE = wholemodule;
				SWIFT_OPTIMIZATION_LEVEL = "-O";
				VALIDATE_PRODUCT = YES;
			};
			name = Release;
		};
		157C26B42A94E9470061F46C /* Debug */ = {
			isa = XCBuildConfiguration;
			buildSettings = {
				ASSETCATALOG_COMPILER_APPICON_NAME = AppIcon;
				CODE_SIGN_STYLE = Automatic;
				INFOPLIST_FILE = "pro-15/Info.plist";
				LD_RUNPATH_SEARCH_PATHS = (
					"$(inherited)",
					"@executable_path/Frameworks",
				);
				PRODUCT_BUNDLE_IDENTIFIER = "page.pro-15";
				PRODUCT_NAME = "$(TARGET_NAME)";
				SWIFT_VERSION = 5.0;
				TARGETED_DEVICE_FAMILY = "1,2";
			};
			name = Debug;
		};
		157C26B52A94E9470061F46C /* Release */ = {
			isa = XCBuildConfiguration;
			buildSettings = {
				ASSETCATALOG_COMPILER_APPICON_NAME = AppIcon;
				CODE_SIGN_STYLE = Automatic;
				INFOPLIST_FILE = "pro-15/Info.plist";
				LD_RUNPATH_SEARCH_PATHS = (
					"$(inherited)",
					"@executable_path/Frameworks",
				);
				PRODUCT_BUNDLE_IDENTIFIER = "page.pro-15";
				PRODUCT_NAME = "$(TARGET_NAME)";
				SWIFT_VERSION = 5.0;
				TARGETED_DEVICE_FAMILY = "1,2";
			};
			name = Release;
		};
/* End XCBuildConfiguration section */

/* Begin XCConfigurationList section */
		157C269A2A94E9420061F46C /* Build configuration list for PBXProject "pro-15" */ = {
			isa = XCConfigurationList;
			buildConfigurations = (
				157C26B12A94E9470061F46C /* Debug */,
				157C26B22A94E9470061F46C /* Release */,
			);
			defaultConfigurationIsVisible = 0;
			defaultConfigurationName = Release;
		};
		157C26B32A94E9470061F46C /* Build configuration list for PBXNativeTarget "pro-15" */ = {
			isa = XCConfigurationList;
			buildConfigurations = (
				157C26B42A94E9470061F46C /* Debug */,
				157C26B52A94E9470061F46C /* Release */,
			);
			defaultConfigurationIsVisible = 0;
			defaultConfigurationName = Release;
		};
/* End XCConfigurationList section */
	};
	rootObject = 157C26972A94E9420061F46C /* Project object */;
}
