// !$*UTF8*$!
{
	archiveVersion = 1;
	classes = {
	};
	objectVersion = 52;
	objects = {

/* Begin PBXBuildFile section */
		8943A6A12ADE5792009C09D9 /* FirebaseAppDistribution-Beta in Frameworks */ = {isa = PBXBuildFile; productRef = 8943A6A02ADE5792009C09D9 /* FirebaseAppDistribution-Beta */; };
		8943A6A32ADE5792009C09D9 /* FirebaseInAppMessaging-Beta in Frameworks */ = {isa = PBXBuildFile; productRef = 8943A6A22ADE5792009C09D9 /* FirebaseInAppMessaging-Beta */; };
		8943A6A52ADE5792009C09D9 /* FirebaseAnalyticsWithoutAdIdSupport in Frameworks */ = {isa = PBXBuildFile; productRef = 8943A6A42ADE5792009C09D9 /* FirebaseAnalyticsWithoutAdIdSupport */; };
		8943A6A72ADE5792009C09D9 /* FirebaseRemoteConfigSwift in Frameworks */ = {isa = PBXBuildFile; productRef = 8943A6A62ADE5792009C09D9 /* FirebaseRemoteConfigSwift */; };
		8943A6A92ADE5792009C09D9 /* FirebaseAnalyticsSwift in Frameworks */ = {isa = PBXBuildFile; productRef = 8943A6A82ADE5792009C09D9 /* FirebaseAnalyticsSwift */; };
		8943A6AB2ADE5792009C09D9 /* FirebaseFirestore in Frameworks */ = {isa = PBXBuildFile; productRef = 8943A6AA2ADE5792009C09D9 /* FirebaseFirestore */; };
		8943A6AD2ADE5792009C09D9 /* FirebaseAuthCombine-Community in Frameworks */ = {isa = PBXBuildFile; productRef = 8943A6AC2ADE5792009C09D9 /* FirebaseAuthCombine-Community */; };
		8943A6AF2ADE5792009C09D9 /* FirebaseInstallations in Frameworks */ = {isa = PBXBuildFile; productRef = 8943A6AE2ADE5792009C09D9 /* FirebaseInstallations */; };
		8943A6B12ADE5792009C09D9 /* FirebaseDatabaseSwift in Frameworks */ = {isa = PBXBuildFile; productRef = 8943A6B02ADE5792009C09D9 /* FirebaseDatabaseSwift */; };
		8943A6B32ADE5792009C09D9 /* FirebaseAnalyticsOnDeviceConversion in Frameworks */ = {isa = PBXBuildFile; productRef = 8943A6B22ADE5792009C09D9 /* FirebaseAnalyticsOnDeviceConversion */; };
		8943A6B52ADE5792009C09D9 /* FirebaseFunctionsCombine-Community in Frameworks */ = {isa = PBXBuildFile; productRef = 8943A6B42ADE5792009C09D9 /* FirebaseFunctionsCombine-Community */; };
		8943A6B72ADE5792009C09D9 /* FirebaseDatabase in Frameworks */ = {isa = PBXBuildFile; productRef = 8943A6B62ADE5792009C09D9 /* FirebaseDatabase */; };
		8943A6B92ADE5792009C09D9 /* FirebaseAnalytics in Frameworks */ = {isa = PBXBuildFile; productRef = 8943A6B82ADE5792009C09D9 /* FirebaseAnalytics */; };
		8943A6BB2ADE5792009C09D9 /* FirebasePerformance in Frameworks */ = {isa = PBXBuildFile; productRef = 8943A6BA2ADE5792009C09D9 /* FirebasePerformance */; };
		8943A6BD2ADE5792009C09D9 /* FirebaseRemoteConfig in Frameworks */ = {isa = PBXBuildFile; productRef = 8943A6BC2ADE5792009C09D9 /* FirebaseRemoteConfig */; };
		8943A6BF2ADE5792009C09D9 /* FirebaseAppCheck in Frameworks */ = {isa = PBXBuildFile; productRef = 8943A6BE2ADE5792009C09D9 /* FirebaseAppCheck */; };
		8943A6C12ADE5792009C09D9 /* FirebaseFirestoreSwift in Frameworks */ = {isa = PBXBuildFile; productRef = 8943A6C02ADE5792009C09D9 /* FirebaseFirestoreSwift */; };
		8943A6C32ADE5792009C09D9 /* FirebaseAuth in Frameworks */ = {isa = PBXBuildFile; productRef = 8943A6C22ADE5792009C09D9 /* FirebaseAuth */; };
		8943A6C52ADE5792009C09D9 /* FirebaseInAppMessagingSwift-Beta in Frameworks */ = {isa = PBXBuildFile; productRef = 8943A6C42ADE5792009C09D9 /* FirebaseInAppMessagingSwift-Beta */; };
		8943A6C72ADE5792009C09D9 /* FirebaseStorageCombine-Community in Frameworks */ = {isa = PBXBuildFile; productRef = 8943A6C62ADE5792009C09D9 /* FirebaseStorageCombine-Community */; };
		8943A6C92ADE5792009C09D9 /* FirebaseMLModelDownloader in Frameworks */ = {isa = PBXBuildFile; productRef = 8943A6C82ADE5792009C09D9 /* FirebaseMLModelDownloader */; };
		8943A6CB2ADE5792009C09D9 /* FirebaseCrashlytics in Frameworks */ = {isa = PBXBuildFile; productRef = 8943A6CA2ADE5792009C09D9 /* FirebaseCrashlytics */; };
		8943A6CD2ADE5792009C09D9 /* FirebaseMessaging in Frameworks */ = {isa = PBXBuildFile; productRef = 8943A6CC2ADE5792009C09D9 /* FirebaseMessaging */; };
		8943A6CF2ADE5792009C09D9 /* FirebaseStorage in Frameworks */ = {isa = PBXBuildFile; productRef = 8943A6CE2ADE5792009C09D9 /* FirebaseStorage */; };
		8943A6D12ADE5792009C09D9 /* FirebaseDynamicLinks in Frameworks */ = {isa = PBXBuildFile; productRef = 8943A6D02ADE5792009C09D9 /* FirebaseDynamicLinks */; };
		8943A6D32ADE5792009C09D9 /* FirebaseFunctions in Frameworks */ = {isa = PBXBuildFile; productRef = 8943A6D22ADE5792009C09D9 /* FirebaseFunctions */; };
		8943A6D52ADE5792009C09D9 /* FirebaseFirestoreCombine-Community in Frameworks */ = {isa = PBXBuildFile; productRef = 8943A6D42ADE5792009C09D9 /* FirebaseFirestoreCombine-Community */; };
		8943A6D82ADE59BF009C09D9 /* GoogleService-Info (1).plist in Resources */ = {isa = PBXBuildFile; fileRef = 8943A6D72ADE59BF009C09D9 /* GoogleService-Info (1).plist */; };
		894CA3152AE8E9DF00FBBDE3 /* singupViewController.swift in Sources */ = {isa = PBXBuildFile; fileRef = 894CA3142AE8E9DF00FBBDE3 /* singupViewController.swift */; };
		89E464502ADA614A003501F8 /* AppDelegate.swift in Sources */ = {isa = PBXBuildFile; fileRef = 89E4644F2ADA614A003501F8 /* AppDelegate.swift */; };
		89E464522ADA614A003501F8 /* SceneDelegate.swift in Sources */ = {isa = PBXBuildFile; fileRef = 89E464512ADA614A003501F8 /* SceneDelegate.swift */; };
		89E464542ADA614A003501F8 /* ViewController.swift in Sources */ = {isa = PBXBuildFile; fileRef = 89E464532ADA614A003501F8 /* ViewController.swift */; };
		89E464572ADA614A003501F8 /* Main.storyboard in Resources */ = {isa = PBXBuildFile; fileRef = 89E464552ADA614A003501F8 /* Main.storyboard */; };
		89E464592ADA614A003501F8 /* Assets.xcassets in Resources */ = {isa = PBXBuildFile; fileRef = 89E464582ADA614A003501F8 /* Assets.xcassets */; };
		89E4645C2ADA614A003501F8 /* LaunchScreen.storyboard in Resources */ = {isa = PBXBuildFile; fileRef = 89E4645A2ADA614A003501F8 /* LaunchScreen.storyboard */; };
/* End PBXBuildFile section */

/* Begin PBXFileReference section */
		8943A6D72ADE59BF009C09D9 /* GoogleService-Info (1).plist */ = {isa = PBXFileReference; fileEncoding = 4; lastKnownFileType = text.plist.xml; name = "GoogleService-Info (1).plist"; path = "../../../Downloads/GoogleService-Info (1).plist"; sourceTree = "<group>"; };
		894CA3142AE8E9DF00FBBDE3 /* singupViewController.swift */ = {isa = PBXFileReference; lastKnownFileType = sourcecode.swift; path = singupViewController.swift; sourceTree = "<group>"; };
		89E4644C2ADA614A003501F8 /* firebase.app */ = {isa = PBXFileReference; explicitFileType = wrapper.application; includeInIndex = 0; path = firebase.app; sourceTree = BUILT_PRODUCTS_DIR; };
		89E4644F2ADA614A003501F8 /* AppDelegate.swift */ = {isa = PBXFileReference; lastKnownFileType = sourcecode.swift; path = AppDelegate.swift; sourceTree = "<group>"; };
		89E464512ADA614A003501F8 /* SceneDelegate.swift */ = {isa = PBXFileReference; lastKnownFileType = sourcecode.swift; path = SceneDelegate.swift; sourceTree = "<group>"; };
		89E464532ADA614A003501F8 /* ViewController.swift */ = {isa = PBXFileReference; lastKnownFileType = sourcecode.swift; path = ViewController.swift; sourceTree = "<group>"; };
		89E464562ADA614A003501F8 /* Base */ = {isa = PBXFileReference; lastKnownFileType = file.storyboard; name = Base; path = Base.lproj/Main.storyboard; sourceTree = "<group>"; };
		89E464582ADA614A003501F8 /* Assets.xcassets */ = {isa = PBXFileReference; lastKnownFileType = folder.assetcatalog; path = Assets.xcassets; sourceTree = "<group>"; };
		89E4645B2ADA614A003501F8 /* Base */ = {isa = PBXFileReference; lastKnownFileType = file.storyboard; name = Base; path = Base.lproj/LaunchScreen.storyboard; sourceTree = "<group>"; };
		89E4645D2ADA614A003501F8 /* Info.plist */ = {isa = PBXFileReference; lastKnownFileType = text.plist.xml; path = Info.plist; sourceTree = "<group>"; };
/* End PBXFileReference section */

/* Begin PBXFrameworksBuildPhase section */
		89E464492ADA614A003501F8 /* Frameworks */ = {
			isa = PBXFrameworksBuildPhase;
			buildActionMask = 2147483647;
			files = (
				8943A6BF2ADE5792009C09D9 /* FirebaseAppCheck in Frameworks */,
				8943A6C12ADE5792009C09D9 /* FirebaseFirestoreSwift in Frameworks */,
				8943A6C72ADE5792009C09D9 /* FirebaseStorageCombine-Community in Frameworks */,
				8943A6D52ADE5792009C09D9 /* FirebaseFirestoreCombine-Community in Frameworks */,
				8943A6CD2ADE5792009C09D9 /* FirebaseMessaging in Frameworks */,
				8943A6BB2ADE5792009C09D9 /* FirebasePerformance in Frameworks */,
				8943A6CF2ADE5792009C09D9 /* FirebaseStorage in Frameworks */,
				8943A6A12ADE5792009C09D9 /* FirebaseAppDistribution-Beta in Frameworks */,
				8943A6CB2ADE5792009C09D9 /* FirebaseCrashlytics in Frameworks */,
				8943A6A72ADE5792009C09D9 /* FirebaseRemoteConfigSwift in Frameworks */,
				8943A6D32ADE5792009C09D9 /* FirebaseFunctions in Frameworks */,
				8943A6C92ADE5792009C09D9 /* FirebaseMLModelDownloader in Frameworks */,
				8943A6A52ADE5792009C09D9 /* FirebaseAnalyticsWithoutAdIdSupport in Frameworks */,
				8943A6B12ADE5792009C09D9 /* FirebaseDatabaseSwift in Frameworks */,
				8943A6B92ADE5792009C09D9 /* FirebaseAnalytics in Frameworks */,
				8943A6AF2ADE5792009C09D9 /* FirebaseInstallations in Frameworks */,
				8943A6A32ADE5792009C09D9 /* FirebaseInAppMessaging-Beta in Frameworks */,
				8943A6B72ADE5792009C09D9 /* FirebaseDatabase in Frameworks */,
				8943A6BD2ADE5792009C09D9 /* FirebaseRemoteConfig in Frameworks */,
				8943A6A92ADE5792009C09D9 /* FirebaseAnalyticsSwift in Frameworks */,
				8943A6C32ADE5792009C09D9 /* FirebaseAuth in Frameworks */,
				8943A6D12ADE5792009C09D9 /* FirebaseDynamicLinks in Frameworks */,
				8943A6B32ADE5792009C09D9 /* FirebaseAnalyticsOnDeviceConversion in Frameworks */,
				8943A6AD2ADE5792009C09D9 /* FirebaseAuthCombine-Community in Frameworks */,
				8943A6C52ADE5792009C09D9 /* FirebaseInAppMessagingSwift-Beta in Frameworks */,
				8943A6B52ADE5792009C09D9 /* FirebaseFunctionsCombine-Community in Frameworks */,
				8943A6AB2ADE5792009C09D9 /* FirebaseFirestore in Frameworks */,
			);
			runOnlyForDeploymentPostprocessing = 0;
		};
/* End PBXFrameworksBuildPhase section */

/* Begin PBXGroup section */
		89E464432ADA614A003501F8 = {
			isa = PBXGroup;
			children = (
				89E4644E2ADA614A003501F8 /* firebase */,
				89E4644D2ADA614A003501F8 /* Products */,
			);
			sourceTree = "<group>";
		};
		89E4644D2ADA614A003501F8 /* Products */ = {
			isa = PBXGroup;
			children = (
				89E4644C2ADA614A003501F8 /* firebase.app */,
			);
			name = Products;
			sourceTree = "<group>";
		};
		89E4644E2ADA614A003501F8 /* firebase */ = {
			isa = PBXGroup;
			children = (
				89E4644F2ADA614A003501F8 /* AppDelegate.swift */,
				89E464512ADA614A003501F8 /* SceneDelegate.swift */,
				89E464532ADA614A003501F8 /* ViewController.swift */,
				894CA3142AE8E9DF00FBBDE3 /* singupViewController.swift */,
				89E464552ADA614A003501F8 /* Main.storyboard */,
				89E464582ADA614A003501F8 /* Assets.xcassets */,
				89E4645A2ADA614A003501F8 /* LaunchScreen.storyboard */,
				89E4645D2ADA614A003501F8 /* Info.plist */,
				8943A6D72ADE59BF009C09D9 /* GoogleService-Info (1).plist */,
			);
			path = firebase;
			sourceTree = "<group>";
		};
/* End PBXGroup section */

/* Begin PBXNativeTarget section */
		89E4644B2ADA614A003501F8 /* firebase */ = {
			isa = PBXNativeTarget;
			buildConfigurationList = 89E464602ADA614A003501F8 /* Build configuration list for PBXNativeTarget "firebase" */;
			buildPhases = (
				89E464482ADA614A003501F8 /* Sources */,
				89E464492ADA614A003501F8 /* Frameworks */,
				89E4644A2ADA614A003501F8 /* Resources */,
			);
			buildRules = (
			);
			dependencies = (
			);
			name = firebase;
			packageProductDependencies = (
				8943A6A02ADE5792009C09D9 /* FirebaseAppDistribution-Beta */,
				8943A6A22ADE5792009C09D9 /* FirebaseInAppMessaging-Beta */,
				8943A6A42ADE5792009C09D9 /* FirebaseAnalyticsWithoutAdIdSupport */,
				8943A6A62ADE5792009C09D9 /* FirebaseRemoteConfigSwift */,
				8943A6A82ADE5792009C09D9 /* FirebaseAnalyticsSwift */,
				8943A6AA2ADE5792009C09D9 /* FirebaseFirestore */,
				8943A6AC2ADE5792009C09D9 /* FirebaseAuthCombine-Community */,
				8943A6AE2ADE5792009C09D9 /* FirebaseInstallations */,
				8943A6B02ADE5792009C09D9 /* FirebaseDatabaseSwift */,
				8943A6B22ADE5792009C09D9 /* FirebaseAnalyticsOnDeviceConversion */,
				8943A6B42ADE5792009C09D9 /* FirebaseFunctionsCombine-Community */,
				8943A6B62ADE5792009C09D9 /* FirebaseDatabase */,
				8943A6B82ADE5792009C09D9 /* FirebaseAnalytics */,
				8943A6BA2ADE5792009C09D9 /* FirebasePerformance */,
				8943A6BC2ADE5792009C09D9 /* FirebaseRemoteConfig */,
				8943A6BE2ADE5792009C09D9 /* FirebaseAppCheck */,
				8943A6C02ADE5792009C09D9 /* FirebaseFirestoreSwift */,
				8943A6C22ADE5792009C09D9 /* FirebaseAuth */,
				8943A6C42ADE5792009C09D9 /* FirebaseInAppMessagingSwift-Beta */,
				8943A6C62ADE5792009C09D9 /* FirebaseStorageCombine-Community */,
				8943A6C82ADE5792009C09D9 /* FirebaseMLModelDownloader */,
				8943A6CA2ADE5792009C09D9 /* FirebaseCrashlytics */,
				8943A6CC2ADE5792009C09D9 /* FirebaseMessaging */,
				8943A6CE2ADE5792009C09D9 /* FirebaseStorage */,
				8943A6D02ADE5792009C09D9 /* FirebaseDynamicLinks */,
				8943A6D22ADE5792009C09D9 /* FirebaseFunctions */,
				8943A6D42ADE5792009C09D9 /* FirebaseFirestoreCombine-Community */,
			);
			productName = firebase;
			productReference = 89E4644C2ADA614A003501F8 /* firebase.app */;
			productType = "com.apple.product-type.application";
		};
/* End PBXNativeTarget section */

/* Begin PBXProject section */
		89E464442ADA614A003501F8 /* Project object */ = {
			isa = PBXProject;
			attributes = {
				LastSwiftUpdateCheck = 1240;
				LastUpgradeCheck = 1240;
				TargetAttributes = {
					89E4644B2ADA614A003501F8 = {
						CreatedOnToolsVersion = 12.4;
					};
				};
			};
			buildConfigurationList = 89E464472ADA614A003501F8 /* Build configuration list for PBXProject "firebase" */;
			compatibilityVersion = "Xcode 9.3";
			developmentRegion = en;
			hasScannedForEncodings = 0;
			knownRegions = (
				en,
				Base,
			);
			mainGroup = 89E464432ADA614A003501F8;
			packageReferences = (
				8943A69F2ADE5792009C09D9 /* XCRemoteSwiftPackageReference "firebase-ios-sdk" */,
			);
			productRefGroup = 89E4644D2ADA614A003501F8 /* Products */;
			projectDirPath = "";
			projectRoot = "";
			targets = (
				89E4644B2ADA614A003501F8 /* firebase */,
			);
		};
/* End PBXProject section */

/* Begin PBXResourcesBuildPhase section */
		89E4644A2ADA614A003501F8 /* Resources */ = {
			isa = PBXResourcesBuildPhase;
			buildActionMask = 2147483647;
			files = (
				89E4645C2ADA614A003501F8 /* LaunchScreen.storyboard in Resources */,
				89E464592ADA614A003501F8 /* Assets.xcassets in Resources */,
				89E464572ADA614A003501F8 /* Main.storyboard in Resources */,
				8943A6D82ADE59BF009C09D9 /* GoogleService-Info (1).plist in Resources */,
			);
			runOnlyForDeploymentPostprocessing = 0;
		};
/* End PBXResourcesBuildPhase section */

/* Begin PBXSourcesBuildPhase section */
		89E464482ADA614A003501F8 /* Sources */ = {
			isa = PBXSourcesBuildPhase;
			buildActionMask = 2147483647;
			files = (
				89E464542ADA614A003501F8 /* ViewController.swift in Sources */,
				89E464502ADA614A003501F8 /* AppDelegate.swift in Sources */,
				894CA3152AE8E9DF00FBBDE3 /* singupViewController.swift in Sources */,
				89E464522ADA614A003501F8 /* SceneDelegate.swift in Sources */,
			);
			runOnlyForDeploymentPostprocessing = 0;
		};
/* End PBXSourcesBuildPhase section */

/* Begin PBXVariantGroup section */
		89E464552ADA614A003501F8 /* Main.storyboard */ = {
			isa = PBXVariantGroup;
			children = (
				89E464562ADA614A003501F8 /* Base */,
			);
			name = Main.storyboard;
			sourceTree = "<group>";
		};
		89E4645A2ADA614A003501F8 /* LaunchScreen.storyboard */ = {
			isa = PBXVariantGroup;
			children = (
				89E4645B2ADA614A003501F8 /* Base */,
			);
			name = LaunchScreen.storyboard;
			sourceTree = "<group>";
		};
/* End PBXVariantGroup section */

/* Begin XCBuildConfiguration section */
		89E4645E2ADA614A003501F8 /* Debug */ = {
			isa = XCBuildConfiguration;
			buildSettings = {
				ALWAYS_SEARCH_USER_PATHS = NO;
				CLANG_ANALYZER_NONNULL = YES;
				CLANG_ANALYZER_NUMBER_OBJECT_CONVERSION = YES_AGGRESSIVE;
				CLANG_CXX_LANGUAGE_STANDARD = "gnu++14";
				CLANG_CXX_LIBRARY = "libc++";
				CLANG_ENABLE_MODULES = YES;
				CLANG_ENABLE_OBJC_ARC = YES;
				CLANG_ENABLE_OBJC_WEAK = YES;
				CLANG_WARN_BLOCK_CAPTURE_AUTORELEASING = YES;
				CLANG_WARN_BOOL_CONVERSION = YES;
				CLANG_WARN_COMMA = YES;
				CLANG_WARN_CONSTANT_CONVERSION = YES;
				CLANG_WARN_DEPRECATED_OBJC_IMPLEMENTATIONS = YES;
				CLANG_WARN_DIRECT_OBJC_ISA_USAGE = YES_ERROR;
				CLANG_WARN_DOCUMENTATION_COMMENTS = YES;
				CLANG_WARN_EMPTY_BODY = YES;
				CLANG_WARN_ENUM_CONVERSION = YES;
				CLANG_WARN_INFINITE_RECURSION = YES;
				CLANG_WARN_INT_CONVERSION = YES;
				CLANG_WARN_NON_LITERAL_NULL_CONVERSION = YES;
				CLANG_WARN_OBJC_IMPLICIT_RETAIN_SELF = YES;
				CLANG_WARN_OBJC_LITERAL_CONVERSION = YES;
				CLANG_WARN_OBJC_ROOT_CLASS = YES_ERROR;
				CLANG_WARN_QUOTED_INCLUDE_IN_FRAMEWORK_HEADER = YES;
				CLANG_WARN_RANGE_LOOP_ANALYSIS = YES;
				CLANG_WARN_STRICT_PROTOTYPES = YES;
				CLANG_WARN_SUSPICIOUS_MOVE = YES;
				CLANG_WARN_UNGUARDED_AVAILABILITY = YES_AGGRESSIVE;
				CLANG_WARN_UNREACHABLE_CODE = YES;
				CLANG_WARN__DUPLICATE_METHOD_MATCH = YES;
				COPY_PHASE_STRIP = NO;
				DEBUG_INFORMATION_FORMAT = dwarf;
				ENABLE_STRICT_OBJC_MSGSEND = YES;
				ENABLE_TESTABILITY = YES;
				GCC_C_LANGUAGE_STANDARD = gnu11;
				GCC_DYNAMIC_NO_PIC = NO;
				GCC_NO_COMMON_BLOCKS = YES;
				GCC_OPTIMIZATION_LEVEL = 0;
				GCC_PREPROCESSOR_DEFINITIONS = (
					"DEBUG=1",
					"$(inherited)",
				);
				GCC_WARN_64_TO_32_BIT_CONVERSION = YES;
				GCC_WARN_ABOUT_RETURN_TYPE = YES_ERROR;
				GCC_WARN_UNDECLARED_SELECTOR = YES;
				GCC_WARN_UNINITIALIZED_AUTOS = YES_AGGRESSIVE;
				GCC_WARN_UNUSED_FUNCTION = YES;
				GCC_WARN_UNUSED_VARIABLE = YES;
				IPHONEOS_DEPLOYMENT_TARGET = 14.4;
				MTL_ENABLE_DEBUG_INFO = INCLUDE_SOURCE;
				MTL_FAST_MATH = YES;
				ONLY_ACTIVE_ARCH = YES;
				SDKROOT = iphoneos;
				SWIFT_ACTIVE_COMPILATION_CONDITIONS = DEBUG;
				SWIFT_OPTIMIZATION_LEVEL = "-Onone";
			};
			name = Debug;
		};
		89E4645F2ADA614A003501F8 /* Release */ = {
			isa = XCBuildConfiguration;
			buildSettings = {
				ALWAYS_SEARCH_USER_PATHS = NO;
				CLANG_ANALYZER_NONNULL = YES;
				CLANG_ANALYZER_NUMBER_OBJECT_CONVERSION = YES_AGGRESSIVE;
				CLANG_CXX_LANGUAGE_STANDARD = "gnu++14";
				CLANG_CXX_LIBRARY = "libc++";
				CLANG_ENABLE_MODULES = YES;
				CLANG_ENABLE_OBJC_ARC = YES;
				CLANG_ENABLE_OBJC_WEAK = YES;
				CLANG_WARN_BLOCK_CAPTURE_AUTORELEASING = YES;
				CLANG_WARN_BOOL_CONVERSION = YES;
				CLANG_WARN_COMMA = YES;
				CLANG_WARN_CONSTANT_CONVERSION = YES;
				CLANG_WARN_DEPRECATED_OBJC_IMPLEMENTATIONS = YES;
				CLANG_WARN_DIRECT_OBJC_ISA_USAGE = YES_ERROR;
				CLANG_WARN_DOCUMENTATION_COMMENTS = YES;
				CLANG_WARN_EMPTY_BODY = YES;
				CLANG_WARN_ENUM_CONVERSION = YES;
				CLANG_WARN_INFINITE_RECURSION = YES;
				CLANG_WARN_INT_CONVERSION = YES;
				CLANG_WARN_NON_LITERAL_NULL_CONVERSION = YES;
				CLANG_WARN_OBJC_IMPLICIT_RETAIN_SELF = YES;
				CLANG_WARN_OBJC_LITERAL_CONVERSION = YES;
				CLANG_WARN_OBJC_ROOT_CLASS = YES_ERROR;
				CLANG_WARN_QUOTED_INCLUDE_IN_FRAMEWORK_HEADER = YES;
				CLANG_WARN_RANGE_LOOP_ANALYSIS = YES;
				CLANG_WARN_STRICT_PROTOTYPES = YES;
				CLANG_WARN_SUSPICIOUS_MOVE = YES;
				CLANG_WARN_UNGUARDED_AVAILABILITY = YES_AGGRESSIVE;
				CLANG_WARN_UNREACHABLE_CODE = YES;
				CLANG_WARN__DUPLICATE_METHOD_MATCH = YES;
				COPY_PHASE_STRIP = NO;
				DEBUG_INFORMATION_FORMAT = "dwarf-with-dsym";
				ENABLE_NS_ASSERTIONS = NO;
				ENABLE_STRICT_OBJC_MSGSEND = YES;
				GCC_C_LANGUAGE_STANDARD = gnu11;
				GCC_NO_COMMON_BLOCKS = YES;
				GCC_WARN_64_TO_32_BIT_CONVERSION = YES;
				GCC_WARN_ABOUT_RETURN_TYPE = YES_ERROR;
				GCC_WARN_UNDECLARED_SELECTOR = YES;
				GCC_WARN_UNINITIALIZED_AUTOS = YES_AGGRESSIVE;
				GCC_WARN_UNUSED_FUNCTION = YES;
				GCC_WARN_UNUSED_VARIABLE = YES;
				IPHONEOS_DEPLOYMENT_TARGET = 14.4;
				MTL_ENABLE_DEBUG_INFO = NO;
				MTL_FAST_MATH = YES;
				SDKROOT = iphoneos;
				SWIFT_COMPILATION_MODE = wholemodule;
				SWIFT_OPTIMIZATION_LEVEL = "-O";
				VALIDATE_PRODUCT = YES;
			};
			name = Release;
		};
		89E464612ADA614A003501F8 /* Debug */ = {
			isa = XCBuildConfiguration;
			buildSettings = {
				ASSETCATALOG_COMPILER_APPICON_NAME = AppIcon;
				ASSETCATALOG_COMPILER_GLOBAL_ACCENT_COLOR_NAME = AccentColor;
				CODE_SIGN_STYLE = Automatic;
				INFOPLIST_FILE = firebase/Info.plist;
				LD_RUNPATH_SEARCH_PATHS = (
					"$(inherited)",
					"@executable_path/Frameworks",
				);
				PRODUCT_BUNDLE_IDENTIFIER = TOPS.firebase;
				PRODUCT_NAME = "$(TARGET_NAME)";
				SWIFT_VERSION = 5.0;
				TARGETED_DEVICE_FAMILY = "1,2";
			};
			name = Debug;
		};
		89E464622ADA614A003501F8 /* Release */ = {
			isa = XCBuildConfiguration;
			buildSettings = {
				ASSETCATALOG_COMPILER_APPICON_NAME = AppIcon;
				ASSETCATALOG_COMPILER_GLOBAL_ACCENT_COLOR_NAME = AccentColor;
				CODE_SIGN_STYLE = Automatic;
				INFOPLIST_FILE = firebase/Info.plist;
				LD_RUNPATH_SEARCH_PATHS = (
					"$(inherited)",
					"@executable_path/Frameworks",
				);
				PRODUCT_BUNDLE_IDENTIFIER = TOPS.firebase;
				PRODUCT_NAME = "$(TARGET_NAME)";
				SWIFT_VERSION = 5.0;
				TARGETED_DEVICE_FAMILY = "1,2";
			};
			name = Release;
		};
/* End XCBuildConfiguration section */

/* Begin XCConfigurationList section */
		89E464472ADA614A003501F8 /* Build configuration list for PBXProject "firebase" */ = {
			isa = XCConfigurationList;
			buildConfigurations = (
				89E4645E2ADA614A003501F8 /* Debug */,
				89E4645F2ADA614A003501F8 /* Release */,
			);
			defaultConfigurationIsVisible = 0;
			defaultConfigurationName = Release;
		};
		89E464602ADA614A003501F8 /* Build configuration list for PBXNativeTarget "firebase" */ = {
			isa = XCConfigurationList;
			buildConfigurations = (
				89E464612ADA614A003501F8 /* Debug */,
				89E464622ADA614A003501F8 /* Release */,
			);
			defaultConfigurationIsVisible = 0;
			defaultConfigurationName = Release;
		};
/* End XCConfigurationList section */

/* Begin XCRemoteSwiftPackageReference section */
		8943A69F2ADE5792009C09D9 /* XCRemoteSwiftPackageReference "firebase-ios-sdk" */ = {
			isa = XCRemoteSwiftPackageReference;
			repositoryURL = "https://github.com/firebase/firebase-ios-sdk";
			requirement = {
				kind = upToNextMajorVersion;
				minimumVersion = 10.0.0;
			};
		};
/* End XCRemoteSwiftPackageReference section */

/* Begin XCSwiftPackageProductDependency section */
		8943A6A02ADE5792009C09D9 /* FirebaseAppDistribution-Beta */ = {
			isa = XCSwiftPackageProductDependency;
			package = 8943A69F2ADE5792009C09D9 /* XCRemoteSwiftPackageReference "firebase-ios-sdk" */;
			productName = "FirebaseAppDistribution-Beta";
		};
		8943A6A22ADE5792009C09D9 /* FirebaseInAppMessaging-Beta */ = {
			isa = XCSwiftPackageProductDependency;
			package = 8943A69F2ADE5792009C09D9 /* XCRemoteSwiftPackageReference "firebase-ios-sdk" */;
			productName = "FirebaseInAppMessaging-Beta";
		};
		8943A6A42ADE5792009C09D9 /* FirebaseAnalyticsWithoutAdIdSupport */ = {
			isa = XCSwiftPackageProductDependency;
			package = 8943A69F2ADE5792009C09D9 /* XCRemoteSwiftPackageReference "firebase-ios-sdk" */;
			productName = FirebaseAnalyticsWithoutAdIdSupport;
		};
		8943A6A62ADE5792009C09D9 /* FirebaseRemoteConfigSwift */ = {
			isa = XCSwiftPackageProductDependency;
			package = 8943A69F2ADE5792009C09D9 /* XCRemoteSwiftPackageReference "firebase-ios-sdk" */;
			productName = FirebaseRemoteConfigSwift;
		};
		8943A6A82ADE5792009C09D9 /* FirebaseAnalyticsSwift */ = {
			isa = XCSwiftPackageProductDependency;
			package = 8943A69F2ADE5792009C09D9 /* XCRemoteSwiftPackageReference "firebase-ios-sdk" */;
			productName = FirebaseAnalyticsSwift;
		};
		8943A6AA2ADE5792009C09D9 /* FirebaseFirestore */ = {
			isa = XCSwiftPackageProductDependency;
			package = 8943A69F2ADE5792009C09D9 /* XCRemoteSwiftPackageReference "firebase-ios-sdk" */;
			productName = FirebaseFirestore;
		};
		8943A6AC2ADE5792009C09D9 /* FirebaseAuthCombine-Community */ = {
			isa = XCSwiftPackageProductDependency;
			package = 8943A69F2ADE5792009C09D9 /* XCRemoteSwiftPackageReference "firebase-ios-sdk" */;
			productName = "FirebaseAuthCombine-Community";
		};
		8943A6AE2ADE5792009C09D9 /* FirebaseInstallations */ = {
			isa = XCSwiftPackageProductDependency;
			package = 8943A69F2ADE5792009C09D9 /* XCRemoteSwiftPackageReference "firebase-ios-sdk" */;
			productName = FirebaseInstallations;
		};
		8943A6B02ADE5792009C09D9 /* FirebaseDatabaseSwift */ = {
			isa = XCSwiftPackageProductDependency;
			package = 8943A69F2ADE5792009C09D9 /* XCRemoteSwiftPackageReference "firebase-ios-sdk" */;
			productName = FirebaseDatabaseSwift;
		};
		8943A6B22ADE5792009C09D9 /* FirebaseAnalyticsOnDeviceConversion */ = {
			isa = XCSwiftPackageProductDependency;
			package = 8943A69F2ADE5792009C09D9 /* XCRemoteSwiftPackageReference "firebase-ios-sdk" */;
			productName = FirebaseAnalyticsOnDeviceConversion;
		};
		8943A6B42ADE5792009C09D9 /* FirebaseFunctionsCombine-Community */ = {
			isa = XCSwiftPackageProductDependency;
			package = 8943A69F2ADE5792009C09D9 /* XCRemoteSwiftPackageReference "firebase-ios-sdk" */;
			productName = "FirebaseFunctionsCombine-Community";
		};
		8943A6B62ADE5792009C09D9 /* FirebaseDatabase */ = {
			isa = XCSwiftPackageProductDependency;
			package = 8943A69F2ADE5792009C09D9 /* XCRemoteSwiftPackageReference "firebase-ios-sdk" */;
			productName = FirebaseDatabase;
		};
		8943A6B82ADE5792009C09D9 /* FirebaseAnalytics */ = {
			isa = XCSwiftPackageProductDependency;
			package = 8943A69F2ADE5792009C09D9 /* XCRemoteSwiftPackageReference "firebase-ios-sdk" */;
			productName = FirebaseAnalytics;
		};
		8943A6BA2ADE5792009C09D9 /* FirebasePerformance */ = {
			isa = XCSwiftPackageProductDependency;
			package = 8943A69F2ADE5792009C09D9 /* XCRemoteSwiftPackageReference "firebase-ios-sdk" */;
			productName = FirebasePerformance;
		};
		8943A6BC2ADE5792009C09D9 /* FirebaseRemoteConfig */ = {
			isa = XCSwiftPackageProductDependency;
			package = 8943A69F2ADE5792009C09D9 /* XCRemoteSwiftPackageReference "firebase-ios-sdk" */;
			productName = FirebaseRemoteConfig;
		};
		8943A6BE2ADE5792009C09D9 /* FirebaseAppCheck */ = {
			isa = XCSwiftPackageProductDependency;
			package = 8943A69F2ADE5792009C09D9 /* XCRemoteSwiftPackageReference "firebase-ios-sdk" */;
			productName = FirebaseAppCheck;
		};
		8943A6C02ADE5792009C09D9 /* FirebaseFirestoreSwift */ = {
			isa = XCSwiftPackageProductDependency;
			package = 8943A69F2ADE5792009C09D9 /* XCRemoteSwiftPackageReference "firebase-ios-sdk" */;
			productName = FirebaseFirestoreSwift;
		};
		8943A6C22ADE5792009C09D9 /* FirebaseAuth */ = {
			isa = XCSwiftPackageProductDependency;
			package = 8943A69F2ADE5792009C09D9 /* XCRemoteSwiftPackageReference "firebase-ios-sdk" */;
			productName = FirebaseAuth;
		};
		8943A6C42ADE5792009C09D9 /* FirebaseInAppMessagingSwift-Beta */ = {
			isa = XCSwiftPackageProductDependency;
			package = 8943A69F2ADE5792009C09D9 /* XCRemoteSwiftPackageReference "firebase-ios-sdk" */;
			productName = "FirebaseInAppMessagingSwift-Beta";
		};
		8943A6C62ADE5792009C09D9 /* FirebaseStorageCombine-Community */ = {
			isa = XCSwiftPackageProductDependency;
			package = 8943A69F2ADE5792009C09D9 /* XCRemoteSwiftPackageReference "firebase-ios-sdk" */;
			productName = "FirebaseStorageCombine-Community";
		};
		8943A6C82ADE5792009C09D9 /* FirebaseMLModelDownloader */ = {
			isa = XCSwiftPackageProductDependency;
			package = 8943A69F2ADE5792009C09D9 /* XCRemoteSwiftPackageReference "firebase-ios-sdk" */;
			productName = FirebaseMLModelDownloader;
		};
		8943A6CA2ADE5792009C09D9 /* FirebaseCrashlytics */ = {
			isa = XCSwiftPackageProductDependency;
			package = 8943A69F2ADE5792009C09D9 /* XCRemoteSwiftPackageReference "firebase-ios-sdk" */;
			productName = FirebaseCrashlytics;
		};
		8943A6CC2ADE5792009C09D9 /* FirebaseMessaging */ = {
			isa = XCSwiftPackageProductDependency;
			package = 8943A69F2ADE5792009C09D9 /* XCRemoteSwiftPackageReference "firebase-ios-sdk" */;
			productName = FirebaseMessaging;
		};
		8943A6CE2ADE5792009C09D9 /* FirebaseStorage */ = {
			isa = XCSwiftPackageProductDependency;
			package = 8943A69F2ADE5792009C09D9 /* XCRemoteSwiftPackageReference "firebase-ios-sdk" */;
			productName = FirebaseStorage;
		};
		8943A6D02ADE5792009C09D9 /* FirebaseDynamicLinks */ = {
			isa = XCSwiftPackageProductDependency;
			package = 8943A69F2ADE5792009C09D9 /* XCRemoteSwiftPackageReference "firebase-ios-sdk" */;
			productName = FirebaseDynamicLinks;
		};
		8943A6D22ADE5792009C09D9 /* FirebaseFunctions */ = {
			isa = XCSwiftPackageProductDependency;
			package = 8943A69F2ADE5792009C09D9 /* XCRemoteSwiftPackageReference "firebase-ios-sdk" */;
			productName = FirebaseFunctions;
		};
		8943A6D42ADE5792009C09D9 /* FirebaseFirestoreCombine-Community */ = {
			isa = XCSwiftPackageProductDependency;
			package = 8943A69F2ADE5792009C09D9 /* XCRemoteSwiftPackageReference "firebase-ios-sdk" */;
			productName = "FirebaseFirestoreCombine-Community";
		};
/* End XCSwiftPackageProductDependency section */
	};
	rootObject = 89E464442ADA614A003501F8 /* Project object */;
}
