// !$*UTF8*$!
{
	archiveVersion = 1;
	classes = {
	};
	objectVersion = 50;
	objects = {

/* Begin PBXBuildFile section */
		155887EE2AB3359200A4BC38 /* AppDelegate.swift in Sources */ = {isa = PBXBuildFile; fileRef = 155887ED2AB3359200A4BC38 /* AppDelegate.swift */; };
		155887F02AB3359200A4BC38 /* SceneDelegate.swift in Sources */ = {isa = PBXBuildFile; fileRef = 155887EF2AB3359200A4BC38 /* SceneDelegate.swift */; };
		155887F22AB3359200A4BC38 /* ViewController.swift in Sources */ = {isa = PBXBuildFile; fileRef = 155887F12AB3359200A4BC38 /* ViewController.swift */; };
		155887F52AB3359200A4BC38 /* Main.storyboard in Resources */ = {isa = PBXBuildFile; fileRef = 155887F32AB3359200A4BC38 /* Main.storyboard */; };
		155887F72AB3359900A4BC38 /* Assets.xcassets in Resources */ = {isa = PBXBuildFile; fileRef = 155887F62AB3359900A4BC38 /* Assets.xcassets */; };
		155887FA2AB3359900A4BC38 /* LaunchScreen.storyboard in Resources */ = {isa = PBXBuildFile; fileRef = 155887F82AB3359900A4BC38 /* LaunchScreen.storyboard */; };
		155888022AB3361700A4BC38 /* secoundViewController.swift in Sources */ = {isa = PBXBuildFile; fileRef = 155888012AB3361700A4BC38 /* secoundViewController.swift */; };
		155888042AB3365800A4BC38 /* thirdViewController.swift in Sources */ = {isa = PBXBuildFile; fileRef = 155888032AB3365800A4BC38 /* thirdViewController.swift */; };
		155888062AB3368C00A4BC38 /* foruthViewController.swift in Sources */ = {isa = PBXBuildFile; fileRef = 155888052AB3368C00A4BC38 /* foruthViewController.swift */; };
		155888082AB336B400A4BC38 /* fifthViewController.swift in Sources */ = {isa = PBXBuildFile; fileRef = 155888072AB336B400A4BC38 /* fifthViewController.swift */; };
/* End PBXBuildFile section */

/* Begin PBXFileReference section */
		155887EA2AB3359200A4BC38 /* pro-12.app */ = {isa = PBXFileReference; explicitFileType = wrapper.application; includeInIndex = 0; path = "pro-12.app"; sourceTree = BUILT_PRODUCTS_DIR; };
		155887ED2AB3359200A4BC38 /* AppDelegate.swift */ = {isa = PBXFileReference; lastKnownFileType = sourcecode.swift; path = AppDelegate.swift; sourceTree = "<group>"; };
		155887EF2AB3359200A4BC38 /* SceneDelegate.swift */ = {isa = PBXFileReference; lastKnownFileType = sourcecode.swift; path = SceneDelegate.swift; sourceTree = "<group>"; };
		155887F12AB3359200A4BC38 /* ViewController.swift */ = {isa = PBXFileReference; lastKnownFileType = sourcecode.swift; path = ViewController.swift; sourceTree = "<group>"; };
		155887F42AB3359200A4BC38 /* Base */ = {isa = PBXFileReference; lastKnownFileType = file.storyboard; name = Base; path = Base.lproj/Main.storyboard; sourceTree = "<group>"; };
		155887F62AB3359900A4BC38 /* Assets.xcassets */ = {isa = PBXFileReference; lastKnownFileType = folder.assetcatalog; path = Assets.xcassets; sourceTree = "<group>"; };
		155887F92AB3359900A4BC38 /* Base */ = {isa = PBXFileReference; lastKnownFileType = file.storyboard; name = Base; path = Base.lproj/LaunchScreen.storyboard; sourceTree = "<group>"; };
		155887FB2AB3359900A4BC38 /* Info.plist */ = {isa = PBXFileReference; lastKnownFileType = text.plist.xml; path = Info.plist; sourceTree = "<group>"; };
		155888012AB3361700A4BC38 /* secoundViewController.swift */ = {isa = PBXFileReference; lastKnownFileType = sourcecode.swift; path = secoundViewController.swift; sourceTree = "<group>"; };
		155888032AB3365800A4BC38 /* thirdViewController.swift */ = {isa = PBXFileReference; lastKnownFileType = sourcecode.swift; path = thirdViewController.swift; sourceTree = "<group>"; };
		155888052AB3368C00A4BC38 /* foruthViewController.swift */ = {isa = PBXFileReference; lastKnownFileType = sourcecode.swift; path = foruthViewController.swift; sourceTree = "<group>"; };
		155888072AB336B400A4BC38 /* fifthViewController.swift */ = {isa = PBXFileReference; lastKnownFileType = sourcecode.swift; path = fifthViewController.swift; sourceTree = "<group>"; };
/* End PBXFileReference section */

/* Begin PBXFrameworksBuildPhase section */
		155887E72AB3359200A4BC38 /* Frameworks */ = {
			isa = PBXFrameworksBuildPhase;
			buildActionMask = 2147483647;
			files = (
			);
			runOnlyForDeploymentPostprocessing = 0;
		};
/* End PBXFrameworksBuildPhase section */

/* Begin PBXGroup section */
		155887E12AB3359200A4BC38 = {
			isa = PBXGroup;
			children = (
				155887EC2AB3359200A4BC38 /* pro-12 */,
				155887EB2AB3359200A4BC38 /* Products */,
			);
			sourceTree = "<group>";
		};
		155887EB2AB3359200A4BC38 /* Products */ = {
			isa = PBXGroup;
			children = (
				155887EA2AB3359200A4BC38 /* pro-12.app */,
			);
			name = Products;
			sourceTree = "<group>";
		};
		155887EC2AB3359200A4BC38 /* pro-12 */ = {
			isa = PBXGroup;
			children = (
				155887ED2AB3359200A4BC38 /* AppDelegate.swift */,
				155887EF2AB3359200A4BC38 /* SceneDelegate.swift */,
				155887F12AB3359200A4BC38 /* ViewController.swift */,
				155888012AB3361700A4BC38 /* secoundViewController.swift */,
				155888032AB3365800A4BC38 /* thirdViewController.swift */,
				155888052AB3368C00A4BC38 /* foruthViewController.swift */,
				155888072AB336B400A4BC38 /* fifthViewController.swift */,
				155887F32AB3359200A4BC38 /* Main.storyboard */,
				155887F62AB3359900A4BC38 /* Assets.xcassets */,
				155887F82AB3359900A4BC38 /* LaunchScreen.storyboard */,
				155887FB2AB3359900A4BC38 /* Info.plist */,
			);
			path = "pro-12";
			sourceTree = "<group>";
		};
/* End PBXGroup section */

/* Begin PBXNativeTarget section */
		155887E92AB3359200A4BC38 /* pro-12 */ = {
			isa = PBXNativeTarget;
			buildConfigurationList = 155887FE2AB3359900A4BC38 /* Build configuration list for PBXNativeTarget "pro-12" */;
			buildPhases = (
				155887E62AB3359200A4BC38 /* Sources */,
				155887E72AB3359200A4BC38 /* Frameworks */,
				155887E82AB3359200A4BC38 /* Resources */,
			);
			buildRules = (
			);
			dependencies = (
			);
			name = "pro-12";
			productName = "pro-12";
			productReference = 155887EA2AB3359200A4BC38 /* pro-12.app */;
			productType = "com.apple.product-type.application";
		};
/* End PBXNativeTarget section */

/* Begin PBXProject section */
		155887E22AB3359200A4BC38 /* Project object */ = {
			isa = PBXProject;
			attributes = {
				LastSwiftUpdateCheck = 1140;
				LastUpgradeCheck = 1140;
				ORGANIZATIONNAME = meet;
				TargetAttributes = {
					155887E92AB3359200A4BC38 = {
						CreatedOnToolsVersion = 11.4;
					};
				};
			};
			buildConfigurationList = 155887E52AB3359200A4BC38 /* Build configuration list for PBXProject "pro-12" */;
			compatibilityVersion = "Xcode 9.3";
			developmentRegion = en;
			hasScannedForEncodings = 0;
			knownRegions = (
				en,
				Base,
			);
			mainGroup = 155887E12AB3359200A4BC38;
			productRefGroup = 155887EB2AB3359200A4BC38 /* Products */;
			projectDirPath = "";
			projectRoot = "";
			targets = (
				155887E92AB3359200A4BC38 /* pro-12 */,
			);
		};
/* End PBXProject section */

/* Begin PBXResourcesBuildPhase section */
		155887E82AB3359200A4BC38 /* Resources */ = {
			isa = PBXResourcesBuildPhase;
			buildActionMask = 2147483647;
			files = (
				155887FA2AB3359900A4BC38 /* LaunchScreen.storyboard in Resources */,
				155887F72AB3359900A4BC38 /* Assets.xcassets in Resources */,
				155887F52AB3359200A4BC38 /* Main.storyboard in Resources */,
			);
			runOnlyForDeploymentPostprocessing = 0;
		};
/* End PBXResourcesBuildPhase section */

/* Begin PBXSourcesBuildPhase section */
		155887E62AB3359200A4BC38 /* Sources */ = {
			isa = PBXSourcesBuildPhase;
			buildActionMask = 2147483647;
			files = (
				155887F22AB3359200A4BC38 /* ViewController.swift in Sources */,
				155887EE2AB3359200A4BC38 /* AppDelegate.swift in Sources */,
				155888042AB3365800A4BC38 /* thirdViewController.swift in Sources */,
				155888022AB3361700A4BC38 /* secoundViewController.swift in Sources */,
				155888062AB3368C00A4BC38 /* foruthViewController.swift in Sources */,
				155887F02AB3359200A4BC38 /* SceneDelegate.swift in Sources */,
				155888082AB336B400A4BC38 /* fifthViewController.swift in Sources */,
			);
			runOnlyForDeploymentPostprocessing = 0;
		};
/* End PBXSourcesBuildPhase section */

/* Begin PBXVariantGroup section */
		155887F32AB3359200A4BC38 /* Main.storyboard */ = {
			isa = PBXVariantGroup;
			children = (
				155887F42AB3359200A4BC38 /* Base */,
			);
			name = Main.storyboard;
			sourceTree = "<group>";
		};
		155887F82AB3359900A4BC38 /* LaunchScreen.storyboard */ = {
			isa = PBXVariantGroup;
			children = (
				155887F92AB3359900A4BC38 /* Base */,
			);
			name = LaunchScreen.storyboard;
			sourceTree = "<group>";
		};
/* End PBXVariantGroup section */

/* Begin XCBuildConfiguration section */
		155887FC2AB3359900A4BC38 /* Debug */ = {
			isa = XCBuildConfiguration;
			buildSettings = {
				ALWAYS_SEARCH_USER_PATHS = NO;
				CLANG_ANALYZER_NONNULL = YES;
				CLANG_ANALYZER_NUMBER_OBJECT_CONVERSION = YES_AGGRESSIVE;
				CLANG_CXX_LANGUAGE_STANDARD = "gnu++14";
				CLANG_CXX_LIBRARY = "libc++";
				CLANG_ENABLE_MODULES = YES;
				CLANG_ENABLE_OBJC_ARC = YES;
				CLANG_ENABLE_OBJC_WEAK = YES;
				CLANG_WARN_BLOCK_CAPTURE_AUTORELEASING = YES;
				CLANG_WARN_BOOL_CONVERSION = YES;
				CLANG_WARN_COMMA = YES;
				CLANG_WARN_CONSTANT_CONVERSION = YES;
				CLANG_WARN_DEPRECATED_OBJC_IMPLEMENTATIONS = YES;
				CLANG_WARN_DIRECT_OBJC_ISA_USAGE = YES_ERROR;
				CLANG_WARN_DOCUMENTATION_COMMENTS = YES;
				CLANG_WARN_EMPTY_BODY = YES;
				CLANG_WARN_ENUM_CONVERSION = YES;
				CLANG_WARN_INFINITE_RECURSION = YES;
				CLANG_WARN_INT_CONVERSION = YES;
				CLANG_WARN_NON_LITERAL_NULL_CONVERSION = YES;
				CLANG_WARN_OBJC_IMPLICIT_RETAIN_SELF = YES;
				CLANG_WARN_OBJC_LITERAL_CONVERSION = YES;
				CLANG_WARN_OBJC_ROOT_CLASS = YES_ERROR;
				CLANG_WARN_RANGE_LOOP_ANALYSIS = YES;
				CLANG_WARN_STRICT_PROTOTYPES = YES;
				CLANG_WARN_SUSPICIOUS_MOVE = YES;
				CLANG_WARN_UNGUARDED_AVAILABILITY = YES_AGGRESSIVE;
				CLANG_WARN_UNREACHABLE_CODE = YES;
				CLANG_WARN__DUPLICATE_METHOD_MATCH = YES;
				COPY_PHASE_STRIP = NO;
				DEBUG_INFORMATION_FORMAT = dwarf;
				ENABLE_STRICT_OBJC_MSGSEND = YES;
				ENABLE_TESTABILITY = YES;
				GCC_C_LANGUAGE_STANDARD = gnu11;
				GCC_DYNAMIC_NO_PIC = NO;
				GCC_NO_COMMON_BLOCKS = YES;
				GCC_OPTIMIZATION_LEVEL = 0;
				GCC_PREPROCESSOR_DEFINITIONS = (
					"DEBUG=1",
					"$(inherited)",
				);
				GCC_WARN_64_TO_32_BIT_CONVERSION = YES;
				GCC_WARN_ABOUT_RETURN_TYPE = YES_ERROR;
				GCC_WARN_UNDECLARED_SELECTOR = YES;
				GCC_WARN_UNINITIALIZED_AUTOS = YES_AGGRESSIVE;
				GCC_WARN_UNUSED_FUNCTION = YES;
				GCC_WARN_UNUSED_VARIABLE = YES;
				IPHONEOS_DEPLOYMENT_TARGET = 13.4;
				MTL_ENABLE_DEBUG_INFO = INCLUDE_SOURCE;
				MTL_FAST_MATH = YES;
				ONLY_ACTIVE_ARCH = YES;
				SDKROOT = iphoneos;
				SWIFT_ACTIVE_COMPILATION_CONDITIONS = DEBUG;
				SWIFT_OPTIMIZATION_LEVEL = "-Onone";
			};
			name = Debug;
		};
		155887FD2AB3359900A4BC38 /* Release */ = {
			isa = XCBuildConfiguration;
			buildSettings = {
				ALWAYS_SEARCH_USER_PATHS = NO;
				CLANG_ANALYZER_NONNULL = YES;
				CLANG_ANALYZER_NUMBER_OBJECT_CONVERSION = YES_AGGRESSIVE;
				CLANG_CXX_LANGUAGE_STANDARD = "gnu++14";
				CLANG_CXX_LIBRARY = "libc++";
				CLANG_ENABLE_MODULES = YES;
				CLANG_ENABLE_OBJC_ARC = YES;
				CLANG_ENABLE_OBJC_WEAK = YES;
				CLANG_WARN_BLOCK_CAPTURE_AUTORELEASING = YES;
				CLANG_WARN_BOOL_CONVERSION = YES;
				CLANG_WARN_COMMA = YES;
				CLANG_WARN_CONSTANT_CONVERSION = YES;
				CLANG_WARN_DEPRECATED_OBJC_IMPLEMENTATIONS = YES;
				CLANG_WARN_DIRECT_OBJC_ISA_USAGE = YES_ERROR;
				CLANG_WARN_DOCUMENTATION_COMMENTS = YES;
				CLANG_WARN_EMPTY_BODY = YES;
				CLANG_WARN_ENUM_CONVERSION = YES;
				CLANG_WARN_INFINITE_RECURSION = YES;
				CLANG_WARN_INT_CONVERSION = YES;
				CLANG_WARN_NON_LITERAL_NULL_CONVERSION = YES;
				CLANG_WARN_OBJC_IMPLICIT_RETAIN_SELF = YES;
				CLANG_WARN_OBJC_LITERAL_CONVERSION = YES;
				CLANG_WARN_OBJC_ROOT_CLASS = YES_ERROR;
				CLANG_WARN_RANGE_LOOP_ANALYSIS = YES;
				CLANG_WARN_STRICT_PROTOTYPES = YES;
				CLANG_WARN_SUSPICIOUS_MOVE = YES;
				CLANG_WARN_UNGUARDED_AVAILABILITY = YES_AGGRESSIVE;
				CLANG_WARN_UNREACHABLE_CODE = YES;
				CLANG_WARN__DUPLICATE_METHOD_MATCH = YES;
				COPY_PHASE_STRIP = NO;
				DEBUG_INFORMATION_FORMAT = "dwarf-with-dsym";
				ENABLE_NS_ASSERTIONS = NO;
				ENABLE_STRICT_OBJC_MSGSEND = YES;
				GCC_C_LANGUAGE_STANDARD = gnu11;
				GCC_NO_COMMON_BLOCKS = YES;
				GCC_WARN_64_TO_32_BIT_CONVERSION = YES;
				GCC_WARN_ABOUT_RETURN_TYPE = YES_ERROR;
				GCC_WARN_UNDECLARED_SELECTOR = YES;
				GCC_WARN_UNINITIALIZED_AUTOS = YES_AGGRESSIVE;
				GCC_WARN_UNUSED_FUNCTION = YES;
				GCC_WARN_UNUSED_VARIABLE = YES;
				IPHONEOS_DEPLOYMENT_TARGET = 13.4;
				MTL_ENABLE_DEBUG_INFO = NO;
				MTL_FAST_MATH = YES;
				SDKROOT = iphoneos;
				SWIFT_COMPILATION_MODE = wholemodule;
				SWIFT_OPTIMIZATION_LEVEL = "-O";
				VALIDATE_PRODUCT = YES;
			};
			name = Release;
		};
		155887FF2AB3359900A4BC38 /* Debug */ = {
			isa = XCBuildConfiguration;
			buildSettings = {
				ASSETCATALOG_COMPILER_APPICON_NAME = AppIcon;
				CODE_SIGN_STYLE = Automatic;
				INFOPLIST_FILE = "pro-12/Info.plist";
				LD_RUNPATH_SEARCH_PATHS = (
					"$(inherited)",
					"@executable_path/Frameworks",
				);
				PRODUCT_BUNDLE_IDENTIFIER = "page.pro-12";
				PRODUCT_NAME = "$(TARGET_NAME)";
				SWIFT_VERSION = 5.0;
				TARGETED_DEVICE_FAMILY = "1,2";
			};
			name = Debug;
		};
		155888002AB3359900A4BC38 /* Release */ = {
			isa = XCBuildConfiguration;
			buildSettings = {
				ASSETCATALOG_COMPILER_APPICON_NAME = AppIcon;
				CODE_SIGN_STYLE = Automatic;
				INFOPLIST_FILE = "pro-12/Info.plist";
				LD_RUNPATH_SEARCH_PATHS = (
					"$(inherited)",
					"@executable_path/Frameworks",
				);
				PRODUCT_BUNDLE_IDENTIFIER = "page.pro-12";
				PRODUCT_NAME = "$(TARGET_NAME)";
				SWIFT_VERSION = 5.0;
				TARGETED_DEVICE_FAMILY = "1,2";
			};
			name = Release;
		};
/* End XCBuildConfiguration section */

/* Begin XCConfigurationList section */
		155887E52AB3359200A4BC38 /* Build configuration list for PBXProject "pro-12" */ = {
			isa = XCConfigurationList;
			buildConfigurations = (
				155887FC2AB3359900A4BC38 /* Debug */,
				155887FD2AB3359900A4BC38 /* Release */,
			);
			defaultConfigurationIsVisible = 0;
			defaultConfigurationName = Release;
		};
		155887FE2AB3359900A4BC38 /* Build configuration list for PBXNativeTarget "pro-12" */ = {
			isa = XCConfigurationList;
			buildConfigurations = (
				155887FF2AB3359900A4BC38 /* Debug */,
				155888002AB3359900A4BC38 /* Release */,
			);
			defaultConfigurationIsVisible = 0;
			defaultConfigurationName = Release;
		};
/* End XCConfigurationList section */
	};
	rootObject = 155887E22AB3359200A4BC38 /* Project object */;
}
